
Microsoft Visual Studio Solution File, Format Version 12.00
# Visual Studio Version 16
VisualStudioVersion = 16.0.31624.102
MinimumVisualStudioVersion = 10.0.40219.1
Project("{FAE04EC0-301F-11D3-BF4B-00C04F79EFBC}") = "Screen Capture", "Screen Capture.csproj", "{5D846023-5577-47D1-A50B-71D186620E65}"
EndProject
Global
	GlobalSection(SolutionConfigurationPlatforms) = preSolution
		Debug|Any CPU = Debug|Any CPU
		Release|Any CPU = Release|Any CPU
	EndGlobalSection
	GlobalSection(ProjectConfigurationPlatforms) = postSolution
		{5D846023-5577-47D1-A50B-71D186620E65}.Debug|Any CPU.ActiveCfg = Debug|Any CPU
		{5D846023-5577-47D1-A50B-71D186620E65}.Debug|Any CPU.Build.0 = Debug|Any CPU
		{5D846023-5577-47D1-A50B-71D186620E65}.Release|Any CPU.ActiveCfg = Release|Any CPU
		{5D846023-5577-47D1-A50B-71D186620E65}.Release|Any CPU.Build.0 = Release|Any CPU
	EndGlobalSection
	GlobalSection(SolutionProperties) = preSolution
		HideSolutionNode = FALSE
	EndGlobalSection
	GlobalSection(ExtensibilityGlobals) = postSolution
		SolutionGuid = {F2387E77-4682-4956-A372-0C3E0F025EF8}
	EndGlobalSection
EndGlobal
